
Microsoft Visual Studio Solution File, Format Version 12.00
# Visual Studio Version 17
VisualStudioVersion = 17.14.36414.22 d17.14
MinimumVisualStudioVersion = 10.0.40219.1
Project("{FAE04EC0-301F-11D3-BF4B-00C04F79EFBC}") = "ATM", "ATM\ATM.csproj", "{653FFEA7-20B3-4C6F-B89C-8BC4C22F3E39}"
EndProject
Global
	GlobalSection(SolutionConfigurationPlatforms) = preSolution
		Debug|Any CPU = Debug|Any CPU
		Release|Any CPU = Release|Any CPU
	EndGlobalSection
	GlobalSection(ProjectConfigurationPlatforms) = postSolution
		{653FFEA7-20B3-4C6F-B89C-8BC4C22F3E39}.Debug|Any CPU.ActiveCfg = Debug|Any CPU
		{653FFEA7-20B3-4C6F-B89C-8BC4C22F3E39}.Debug|Any CPU.Build.0 = Debug|Any CPU
		{653FFEA7-20B3-4C6F-B89C-8BC4C22F3E39}.Release|Any CPU.ActiveCfg = Release|Any CPU
		{653FFEA7-20B3-4C6F-B89C-8BC4C22F3E39}.Release|Any CPU.Build.0 = Release|Any CPU
	EndGlobalSection
	GlobalSection(SolutionProperties) = preSolution
		HideSolutionNode = FALSE
	EndGlobalSection
	GlobalSection(ExtensibilityGlobals) = postSolution
		SolutionGuid = {34056510-0A84-484D-95D6-0A1DD889B477}
	EndGlobalSection
EndGlobal
